
Microsoft Visual Studio Solution File, Format Version 12.00
# Visual Studio Version 17
VisualStudioVersion = 17.11.35327.3
MinimumVisualStudioVersion = 10.0.40219.1
Project("{FAE04EC0-301F-11D3-BF4B-00C04F79EFBC}") = "MatematikOyunu", "MatematikOyunu\MatematikOyunu.csproj", "{37A67483-5061-463B-80D2-BF0490453AB2}"
EndProject
Global
	GlobalSection(SolutionConfigurationPlatforms) = preSolution
		Debug|Any CPU = Debug|Any CPU
		Release|Any CPU = Release|Any CPU
	EndGlobalSection
	GlobalSection(ProjectConfigurationPlatforms) = postSolution
		{37A67483-5061-463B-80D2-BF0490453AB2}.Debug|Any CPU.ActiveCfg = Debug|Any CPU
		{37A67483-5061-463B-80D2-BF0490453AB2}.Debug|Any CPU.Build.0 = Debug|Any CPU
		{37A67483-5061-463B-80D2-BF0490453AB2}.Release|Any CPU.ActiveCfg = Release|Any CPU
		{37A67483-5061-463B-80D2-BF0490453AB2}.Release|Any CPU.Build.0 = Release|Any CPU
	EndGlobalSection
	GlobalSection(SolutionProperties) = preSolution
		HideSolutionNode = FALSE
	EndGlobalSection
	GlobalSection(ExtensibilityGlobals) = postSolution
		SolutionGuid = {61F66922-2717-4A2E-AA22-EFF8874992AB}
	EndGlobalSection
EndGlobal
